
Microsoft Visual Studio Solution File, Format Version 12.00
# Visual Studio Version 17
VisualStudioVersion = 17.9.34723.18
MinimumVisualStudioVersion = 10.0.40219.1
Project("{9A19103F-16F7-4668-BE54-9A1E7A4F7556}") = "HonorsContractSpring2025", "HonorsContractSpring2025.csproj", "{9BFBA7F0-5EB8-447E-AE12-3ED44C402215}"
EndProject
Global
	GlobalSection(SolutionConfigurationPlatforms) = preSolution
		Debug|Any CPU = Debug|Any CPU
		Release|Any CPU = Release|Any CPU
	EndGlobalSection
	GlobalSection(ProjectConfigurationPlatforms) = postSolution
		{9BFBA7F0-5EB8-447E-AE12-3ED44C402215}.Debug|Any CPU.ActiveCfg = Debug|Any CPU
		{9BFBA7F0-5EB8-447E-AE12-3ED44C402215}.Debug|Any CPU.Build.0 = Debug|Any CPU
		{9BFBA7F0-5EB8-447E-AE12-3ED44C402215}.Release|Any CPU.ActiveCfg = Release|Any CPU
		{9BFBA7F0-5EB8-447E-AE12-3ED44C402215}.Release|Any CPU.Build.0 = Release|Any CPU
	EndGlobalSection
	GlobalSection(SolutionProperties) = preSolution
		HideSolutionNode = FALSE
	EndGlobalSection
	GlobalSection(ExtensibilityGlobals) = postSolution
		SolutionGuid = {AB232743-32C1-448A-8ECB-E8F4AEC547A0}
	EndGlobalSection
EndGlobal
